Microsoft Visual Studio Solution File, Format Version 12.00
# Visual Studio Version 17
VisualStudioVersion = 17.0.31903.59
MinimumVisualStudioVersion = 10.0.40219.1
Project("{FAE04EC0-301F-11D3-BF4B-00C04F79EFBC}") = "Engine.Domain", "src\Engine.Domain\Engine.Domain.csproj", "{0C95B26E-89AE-4695-8FD2-FBC8AF89F8FD}"
EndProject
Project("{FAE04EC0-301F-11D3-BF4B-00C04F79EFBC}") = "Engine.Application", "src\Engine.Application\Engine.Application.csproj", "{BB6C645B-22A8-4F95-AB45-FD4B3EAFA0A5}"
EndProject
Project("{FAE04EC0-301F-11D3-BF4B-00C04F79EFBC}") = "Engine.Abstractions", "src\Engine.Abstractions\Engine.Abstractions.csproj", "{3F2A7095-C7A0-4D95-9A5A-9F8EEA6E9578}"
EndProject
Project("{FAE04EC0-301F-11D3-BF4B-00C04F79EFBC}") = "Engine.RenderGraph", "src\Engine.RenderGraph\Engine.RenderGraph.csproj", "{5397FD6A-9294-4A95-9586-EA6F6DF04F8C}"
EndProject
Project("{FAE04EC0-301F-11D3-BF4B-00C04F79EFBC}") = "Engine.Shared", "src\Engine.Shared\Engine.Shared.csproj", "{00A350FC-E86F-494C-85A0-B0EA995A72D8}"
EndProject
Project("{FAE04EC0-301F-11D3-BF4B-00C04F79EFBC}") = "Engine.Infrastructure", "src\Engine.Infrastructure\Engine.Infrastructure.csproj", "{586B58D0-4892-425D-9FD8-A3F5F06D0D9C}"
EndProject
Project("{FAE04EC0-301F-11D3-BF4B-00C04F79EFBC}") = "Engine.Infrastructure.CPU", "src\Engine.Infrastructure.CPU\Engine.Infrastructure.CPU.csproj", "{33485FC1-C2B2-4C8B-B0CF-C8BA3F9E9D8D}"
EndProject
Project("{FAE04EC0-301F-11D3-BF4B-00C04F79EFBC}") = "Engine.Infrastructure.Skia", "src\Engine.Infrastructure.Skia\Engine.Infrastructure.Skia.csproj", "{24C9279D-8F0E-4D45-977D-3D136A0D85A5}"
EndProject
Project("{FAE04EC0-301F-11D3-BF4B-00C04F79EFBC}") = "Engine.Infrastructure.Win2D", "src\Engine.Infrastructure.Win2D\Engine.Infrastructure.Win2D.csproj", "{D8B8F5D5-0C56-44D7-B334-5CD5CBCA132B}"
EndProject
Project("{FAE04EC0-301F-11D3-BF4B-00C04F79EFBC}") = "Engine.Domain.Tests", "tests\Engine.Domain.Tests\Engine.Domain.Tests.csproj", "{346C9B93-43A8-4272-BB5A-CAAE4C25A6B2}"
EndProject
Project("{FAE04EC0-301F-11D3-BF4B-00C04F79EFBC}") = "Engine.Application.Tests", "tests\Engine.Application.Tests\Engine.Application.Tests.csproj", "{DA9CA4D3-9888-4DDC-BF7E-4A659704F0CF}"
EndProject
Project("{FAE04EC0-301F-11D3-BF4B-00C04F79EFBC}") = "Engine.RenderGraph.Tests", "tests\Engine.RenderGraph.Tests\Engine.RenderGraph.Tests.csproj", "{376EF2A4-615A-4EA6-B0F7-754D405282E4}"
EndProject
Project("{FAE04EC0-301F-11D3-BF4B-00C04F79EFBC}") = "Engine.Architecture.Tests", "tests\Engine.Architecture.Tests\Engine.Architecture.Tests.csproj", "{2AF4D24D-3596-4C6A-B24A-B381D0582131}"
EndProject
Project("{FAE04EC0-301F-11D3-BF4B-00C04F79EFBC}") = "Engine.Runtime", "src\Engine.Runtime\Engine.Runtime.csproj", "{3C3D8788-6416-4B5D-9FA0-9D7B6FD9B75D}"
EndProject
Project("{FAE04EC0-301F-11D3-BF4B-00C04F79EFBC}") = "Engine.Runtime.Tests", "tests\Engine.Runtime.Tests\Engine.Runtime.Tests.csproj", "{42B6DE26-8E97-4A7F-9B25-BECC665B4692}"
EndProject
Project("{FAE04EC0-301F-11D3-BF4B-00C04F79EFBC}") = "Engine.Shared.Tests", "tests\Engine.Shared.Tests\Engine.Shared.Tests.csproj", "{A1F1D7C2-83D3-4B95-996A-CCB4E4CC6A12}"
EndProject
Project("{2150E333-8FDC-42A3-9474-1A3956D46DE8}") = "Presentation", "Presentation", "{02EA681E-C7D8-13C7-8484-4AC65E1B71E8}"
EndProject
Project("{FAE04EC0-301F-11D3-BF4B-00C04F79EFBC}") = "EESample", "src\EESample\EESample.csproj", "{524F3B1E-9F10-4C4D-AC7A-B880B8F43AF5}"
EndProject
Project("{2150E333-8FDC-42A3-9474-1A3956D46DE8}") = "Infra", "Infra", "{AD05C33A-9C0E-4FB2-A266-281828B4FA0E}"
EndProject
Project("{2150E333-8FDC-42A3-9474-1A3956D46DE8}") = "Application", "Application", "{7CD7C4EC-8EA5-4A34-92B1-6DF017094691}"
EndProject
Project("{2150E333-8FDC-42A3-9474-1A3956D46DE8}") = "Domain", "Domain", "{DC0425F2-463D-4EF8-9C44-625C66B71B33}"
EndProject
Project("{2150E333-8FDC-42A3-9474-1A3956D46DE8}") = "Shared", "Shared", "{4ED87275-CD6E-44D0-A647-54FE70D2AD11}"
EndProject
Project("{2150E333-8FDC-42A3-9474-1A3956D46DE8}") = "EngineRender", "EngineRender", "{D9EC625F-6445-47CD-A1DD-4290DDE1E63F}"
EndProject
Project("{2150E333-8FDC-42A3-9474-1A3956D46DE8}") = "Runtime", "Runtime", "{2D33A682-4CC2-4B29-A88E-D789C2929E5E}"
EndProject
Project("{2150E333-8FDC-42A3-9474-1A3956D46DE8}") = "Abstractions", "Abstractions", "{0452FB41-B1DE-4A35-ACFC-AB80C7AA0034}"
EndProject
Global
	GlobalSection(SolutionConfigurationPlatforms) = preSolution
		Debug|Any CPU = Debug|Any CPU
		Release|Any CPU = Release|Any CPU
	EndGlobalSection
	GlobalSection(ProjectConfigurationPlatforms) = postSolution
		{0C95B26E-89AE-4695-8FD2-FBC8AF89F8FD}.Debug|Any CPU.ActiveCfg = Debug|Any CPU
		{0C95B26E-89AE-4695-8FD2-FBC8AF89F8FD}.Debug|Any CPU.Build.0 = Debug|Any CPU
		{0C95B26E-89AE-4695-8FD2-FBC8AF89F8FD}.Release|Any CPU.ActiveCfg = Release|Any CPU
		{0C95B26E-89AE-4695-8FD2-FBC8AF89F8FD}.Release|Any CPU.Build.0 = Release|Any CPU
		{BB6C645B-22A8-4F95-AB45-FD4B3EAFA0A5}.Debug|Any CPU.ActiveCfg = Debug|Any CPU
		{BB6C645B-22A8-4F95-AB45-FD4B3EAFA0A5}.Debug|Any CPU.Build.0 = Debug|Any CPU
		{BB6C645B-22A8-4F95-AB45-FD4B3EAFA0A5}.Release|Any CPU.ActiveCfg = Release|Any CPU
		{BB6C645B-22A8-4F95-AB45-FD4B3EAFA0A5}.Release|Any CPU.Build.0 = Release|Any CPU
		{3F2A7095-C7A0-4D95-9A5A-9F8EEA6E9578}.Debug|Any CPU.ActiveCfg = Debug|Any CPU
		{3F2A7095-C7A0-4D95-9A5A-9F8EEA6E9578}.Debug|Any CPU.Build.0 = Debug|Any CPU
		{3F2A7095-C7A0-4D95-9A5A-9F8EEA6E9578}.Release|Any CPU.ActiveCfg = Release|Any CPU
		{3F2A7095-C7A0-4D95-9A5A-9F8EEA6E9578}.Release|Any CPU.Build.0 = Release|Any CPU
		{5397FD6A-9294-4A95-9586-EA6F6DF04F8C}.Debug|Any CPU.ActiveCfg = Debug|Any CPU
		{5397FD6A-9294-4A95-9586-EA6F6DF04F8C}.Debug|Any CPU.Build.0 = Debug|Any CPU
		{5397FD6A-9294-4A95-9586-EA6F6DF04F8C}.Release|Any CPU.ActiveCfg = Release|Any CPU
		{5397FD6A-9294-4A95-9586-EA6F6DF04F8C}.Release|Any CPU.Build.0 = Release|Any CPU
		{00A350FC-E86F-494C-85A0-B0EA995A72D8}.Debug|Any CPU.ActiveCfg = Debug|Any CPU
		{00A350FC-E86F-494C-85A0-B0EA995A72D8}.Debug|Any CPU.Build.0 = Debug|Any CPU
		{00A350FC-E86F-494C-85A0-B0EA995A72D8}.Release|Any CPU.ActiveCfg = Release|Any CPU
		{00A350FC-E86F-494C-85A0-B0EA995A72D8}.Release|Any CPU.Build.0 = Release|Any CPU
		{586B58D0-4892-425D-9FD8-A3F5F06D0D9C}.Debug|Any CPU.ActiveCfg = Debug|Any CPU
		{586B58D0-4892-425D-9FD8-A3F5F06D0D9C}.Debug|Any CPU.Build.0 = Debug|Any CPU
		{586B58D0-4892-425D-9FD8-A3F5F06D0D9C}.Release|Any CPU.ActiveCfg = Release|Any CPU
		{586B58D0-4892-425D-9FD8-A3F5F06D0D9C}.Release|Any CPU.Build.0 = Release|Any CPU
		{33485FC1-C2B2-4C8B-B0CF-C8BA3F9E9D8D}.Debug|Any CPU.ActiveCfg = Debug|Any CPU
		{33485FC1-C2B2-4C8B-B0CF-C8BA3F9E9D8D}.Debug|Any CPU.Build.0 = Debug|Any CPU
		{33485FC1-C2B2-4C8B-B0CF-C8BA3F9E9D8D}.Release|Any CPU.ActiveCfg = Release|Any CPU
		{33485FC1-C2B2-4C8B-B0CF-C8BA3F9E9D8D}.Release|Any CPU.Build.0 = Release|Any CPU
		{24C9279D-8F0E-4D45-977D-3D136A0D85A5}.Debug|Any CPU.ActiveCfg = Debug|Any CPU
		{24C9279D-8F0E-4D45-977D-3D136A0D85A5}.Debug|Any CPU.Build.0 = Debug|Any CPU
		{24C9279D-8F0E-4D45-977D-3D136A0D85A5}.Release|Any CPU.ActiveCfg = Release|Any CPU
		{24C9279D-8F0E-4D45-977D-3D136A0D85A5}.Release|Any CPU.Build.0 = Release|Any CPU
		{D8B8F5D5-0C56-44D7-B334-5CD5CBCA132B}.Debug|Any CPU.ActiveCfg = Debug|Any CPU
		{D8B8F5D5-0C56-44D7-B334-5CD5CBCA132B}.Debug|Any CPU.Build.0 = Debug|Any CPU
		{D8B8F5D5-0C56-44D7-B334-5CD5CBCA132B}.Release|Any CPU.ActiveCfg = Release|Any CPU
		{D8B8F5D5-0C56-44D7-B334-5CD5CBCA132B}.Release|Any CPU.Build.0 = Release|Any CPU
		{346C9B93-43A8-4272-BB5A-CAAE4C25A6B2}.Debug|Any CPU.ActiveCfg = Debug|Any CPU
		{346C9B93-43A8-4272-BB5A-CAAE4C25A6B2}.Release|Any CPU.ActiveCfg = Release|Any CPU
		{346C9B93-43A8-4272-BB5A-CAAE4C25A6B2}.Release|Any CPU.Build.0 = Release|Any CPU
		{DA9CA4D3-9888-4DDC-BF7E-4A659704F0CF}.Debug|Any CPU.ActiveCfg = Debug|Any CPU
		{DA9CA4D3-9888-4DDC-BF7E-4A659704F0CF}.Release|Any CPU.ActiveCfg = Release|Any CPU
		{DA9CA4D3-9888-4DDC-BF7E-4A659704F0CF}.Release|Any CPU.Build.0 = Release|Any CPU
		{376EF2A4-615A-4EA6-B0F7-754D405282E4}.Debug|Any CPU.ActiveCfg = Debug|Any CPU
		{376EF2A4-615A-4EA6-B0F7-754D405282E4}.Release|Any CPU.ActiveCfg = Release|Any CPU
		{376EF2A4-615A-4EA6-B0F7-754D405282E4}.Release|Any CPU.Build.0 = Release|Any CPU
		{2AF4D24D-3596-4C6A-B24A-B381D0582131}.Debug|Any CPU.ActiveCfg = Debug|Any CPU
		{2AF4D24D-3596-4C6A-B24A-B381D0582131}.Release|Any CPU.ActiveCfg = Release|Any CPU
		{2AF4D24D-3596-4C6A-B24A-B381D0582131}.Release|Any CPU.Build.0 = Release|Any CPU
		{3C3D8788-6416-4B5D-9FA0-9D7B6FD9B75D}.Debug|Any CPU.ActiveCfg = Debug|Any CPU
		{3C3D8788-6416-4B5D-9FA0-9D7B6FD9B75D}.Debug|Any CPU.Build.0 = Debug|Any CPU
		{3C3D8788-6416-4B5D-9FA0-9D7B6FD9B75D}.Release|Any CPU.ActiveCfg = Release|Any CPU
		{3C3D8788-6416-4B5D-9FA0-9D7B6FD9B75D}.Release|Any CPU.Build.0 = Release|Any CPU
		{42B6DE26-8E97-4A7F-9B25-BECC665B4692}.Debug|Any CPU.ActiveCfg = Debug|Any CPU
		{42B6DE26-8E97-4A7F-9B25-BECC665B4692}.Release|Any CPU.ActiveCfg = Release|Any CPU
		{42B6DE26-8E97-4A7F-9B25-BECC665B4692}.Release|Any CPU.Build.0 = Release|Any CPU
		{A1F1D7C2-83D3-4B95-996A-CCB4E4CC6A12}.Debug|Any CPU.ActiveCfg = Debug|Any CPU
		{A1F1D7C2-83D3-4B95-996A-CCB4E4CC6A12}.Release|Any CPU.ActiveCfg = Release|Any CPU
		{A1F1D7C2-83D3-4B95-996A-CCB4E4CC6A12}.Release|Any CPU.Build.0 = Release|Any CPU
		{524F3B1E-9F10-4C4D-AC7A-B880B8F43AF5}.Debug|Any CPU.ActiveCfg = Debug|x64
		{524F3B1E-9F10-4C4D-AC7A-B880B8F43AF5}.Debug|Any CPU.Build.0 = Debug|x64
		{524F3B1E-9F10-4C4D-AC7A-B880B8F43AF5}.Debug|Any CPU.Deploy.0 = Debug|x64
		{524F3B1E-9F10-4C4D-AC7A-B880B8F43AF5}.Release|Any CPU.ActiveCfg = Release|x64
		{524F3B1E-9F10-4C4D-AC7A-B880B8F43AF5}.Release|Any CPU.Build.0 = Release|x64
		{524F3B1E-9F10-4C4D-AC7A-B880B8F43AF5}.Release|Any CPU.Deploy.0 = Release|x64
	EndGlobalSection
	GlobalSection(SolutionProperties) = preSolution
		HideSolutionNode = FALSE
	EndGlobalSection
	GlobalSection(NestedProjects) = preSolution
		{0C95B26E-89AE-4695-8FD2-FBC8AF89F8FD} = {DC0425F2-463D-4EF8-9C44-625C66B71B33}
		{BB6C645B-22A8-4F95-AB45-FD4B3EAFA0A5} = {7CD7C4EC-8EA5-4A34-92B1-6DF017094691}
		{3F2A7095-C7A0-4D95-9A5A-9F8EEA6E9578} = {0452FB41-B1DE-4A35-ACFC-AB80C7AA0034}
		{5397FD6A-9294-4A95-9586-EA6F6DF04F8C} = {D9EC625F-6445-47CD-A1DD-4290DDE1E63F}
		{00A350FC-E86F-494C-85A0-B0EA995A72D8} = {4ED87275-CD6E-44D0-A647-54FE70D2AD11}
		{586B58D0-4892-425D-9FD8-A3F5F06D0D9C} = {AD05C33A-9C0E-4FB2-A266-281828B4FA0E}
		{33485FC1-C2B2-4C8B-B0CF-C8BA3F9E9D8D} = {AD05C33A-9C0E-4FB2-A266-281828B4FA0E}
		{24C9279D-8F0E-4D45-977D-3D136A0D85A5} = {AD05C33A-9C0E-4FB2-A266-281828B4FA0E}
		{D8B8F5D5-0C56-44D7-B334-5CD5CBCA132B} = {AD05C33A-9C0E-4FB2-A266-281828B4FA0E}
		{346C9B93-43A8-4272-BB5A-CAAE4C25A6B2} = {DC0425F2-463D-4EF8-9C44-625C66B71B33}
		{DA9CA4D3-9888-4DDC-BF7E-4A659704F0CF} = {7CD7C4EC-8EA5-4A34-92B1-6DF017094691}
		{376EF2A4-615A-4EA6-B0F7-754D405282E4} = {D9EC625F-6445-47CD-A1DD-4290DDE1E63F}
		{3C3D8788-6416-4B5D-9FA0-9D7B6FD9B75D} = {2D33A682-4CC2-4B29-A88E-D789C2929E5E}
		{42B6DE26-8E97-4A7F-9B25-BECC665B4692} = {2D33A682-4CC2-4B29-A88E-D789C2929E5E}
		{A1F1D7C2-83D3-4B95-996A-CCB4E4CC6A12} = {4ED87275-CD6E-44D0-A647-54FE70D2AD11}
		{524F3B1E-9F10-4C4D-AC7A-B880B8F43AF5} = {02EA681E-C7D8-13C7-8484-4AC65E1B71E8}
	EndGlobalSection
	GlobalSection(ExtensibilityGlobals) = postSolution
		SolutionGuid = {AA5B93A8-0BE8-4A3F-AE35-287E6744A731}
	EndGlobalSection
EndGlobal
